
Microsoft Visual Studio Solution File, Format Version 12.00
# Visual Studio 15
VisualStudioVersion = 15.0.28010.2050
MinimumVisualStudioVersion = 10.0.40219.1
Project("{FAE04EC0-301F-11D3-BF4B-00C04F79EFBC}") = "DesafioPaggCerto", "DesafioPaggCerto\DesafioPaggCerto.csproj", "{F015E3CA-DD88-411C-8A20-79F86C7419B2}"
EndProject
Global
	GlobalSection(SolutionConfigurationPlatforms) = preSolution
		Debug|Any CPU = Debug|Any CPU
		Release|Any CPU = Release|Any CPU
	EndGlobalSection
	GlobalSection(ProjectConfigurationPlatforms) = postSolution
		{F015E3CA-DD88-411C-8A20-79F86C7419B2}.Debug|Any CPU.ActiveCfg = Debug|Any CPU
		{F015E3CA-DD88-411C-8A20-79F86C7419B2}.Debug|Any CPU.Build.0 = Debug|Any CPU
		{F015E3CA-DD88-411C-8A20-79F86C7419B2}.Release|Any CPU.ActiveCfg = Release|Any CPU
		{F015E3CA-DD88-411C-8A20-79F86C7419B2}.Release|Any CPU.Build.0 = Release|Any CPU
	EndGlobalSection
	GlobalSection(SolutionProperties) = preSolution
		HideSolutionNode = FALSE
	EndGlobalSection
	GlobalSection(ExtensibilityGlobals) = postSolution
		SolutionGuid = {A95119F6-FAD7-46A7-ABF7-821DF1D00B8A}
	EndGlobalSection
EndGlobal
